// !$*UTF8*$!
{
	archiveVersion = 1;
	classes = {
	};
	objectVersion = 56;
	objects = {

/* Begin PBXBuildFile section */
		FDBE13D72B3941E500A3CF8F /* DeviceType in Frameworks */ = {isa = PBXBuildFile; productRef = FDBE13D62B3941E500A3CF8F /* DeviceType */; };
		FDD25C5B2B3588E8003FA1B2 /* AppDelegate.swift in Sources */ = {isa = PBXBuildFile; fileRef = FDD25C5A2B3588E8003FA1B2 /* AppDelegate.swift */; };
		FDD25C5D2B3588E8003FA1B2 /* SceneDelegate.swift in Sources */ = {isa = PBXBuildFile; fileRef = FDD25C5C2B3588E8003FA1B2 /* SceneDelegate.swift */; };
		FDD25C5F2B3588E8003FA1B2 /* ViewController.swift in Sources */ = {isa = PBXBuildFile; fileRef = FDD25C5E2B3588E8003FA1B2 /* ViewController.swift */; };
		FDD25C622B3588E8003FA1B2 /* Main.storyboard in Resources */ = {isa = PBXBuildFile; fileRef = FDD25C602B3588E8003FA1B2 /* Main.storyboard */; };
		FDD25C642B3588EA003FA1B2 /* Assets.xcassets in Resources */ = {isa = PBXBuildFile; fileRef = FDD25C632B3588EA003FA1B2 /* Assets.xcassets */; };
		FDD25C672B3588EA003FA1B2 /* LaunchScreen.storyboard in Resources */ = {isa = PBXBuildFile; fileRef = FDD25C652B3588EA003FA1B2 /* LaunchScreen.storyboard */; };
		FDD25C722B3588EA003FA1B2 /* ExampleDeviceTypeTests.swift in Sources */ = {isa = PBXBuildFile; fileRef = FDD25C712B3588EA003FA1B2 /* ExampleDeviceTypeTests.swift */; };
		FDD25C7C2B3588EA003FA1B2 /* ExampleDeviceTypeUITests.swift in Sources */ = {isa = PBXBuildFile; fileRef = FDD25C7B2B3588EA003FA1B2 /* ExampleDeviceTypeUITests.swift */; };
		FDD25C7E2B3588EA003FA1B2 /* ExampleDeviceTypeUITestsLaunchTests.swift in Sources */ = {isa = PBXBuildFile; fileRef = FDD25C7D2B3588EA003FA1B2 /* ExampleDeviceTypeUITestsLaunchTests.swift */; };
/* End PBXBuildFile section */

/* Begin PBXContainerItemProxy section */
		FDD25C6E2B3588EA003FA1B2 /* PBXContainerItemProxy */ = {
			isa = PBXContainerItemProxy;
			containerPortal = FDD25C4F2B3588E8003FA1B2 /* Project object */;
			proxyType = 1;
			remoteGlobalIDString = FDD25C562B3588E8003FA1B2;
			remoteInfo = ExampleDeviceType;
		};
		FDD25C782B3588EA003FA1B2 /* PBXContainerItemProxy */ = {
			isa = PBXContainerItemProxy;
			containerPortal = FDD25C4F2B3588E8003FA1B2 /* Project object */;
			proxyType = 1;
			remoteGlobalIDString = FDD25C562B3588E8003FA1B2;
			remoteInfo = ExampleDeviceType;
		};
/* End PBXContainerItemProxy section */

/* Begin PBXFileReference section */
		FDD25C572B3588E8003FA1B2 /* ExampleDeviceType.app */ = {isa = PBXFileReference; explicitFileType = wrapper.application; includeInIndex = 0; path = ExampleDeviceType.app; sourceTree = BUILT_PRODUCTS_DIR; };
		FDD25C5A2B3588E8003FA1B2 /* AppDelegate.swift */ = {isa = PBXFileReference; lastKnownFileType = sourcecode.swift; path = AppDelegate.swift; sourceTree = "<group>"; };
		FDD25C5C2B3588E8003FA1B2 /* SceneDelegate.swift */ = {isa = PBXFileReference; lastKnownFileType = sourcecode.swift; path = SceneDelegate.swift; sourceTree = "<group>"; };
		FDD25C5E2B3588E8003FA1B2 /* ViewController.swift */ = {isa = PBXFileReference; lastKnownFileType = sourcecode.swift; path = ViewController.swift; sourceTree = "<group>"; };
		FDD25C612B3588E8003FA1B2 /* Base */ = {isa = PBXFileReference; lastKnownFileType = file.storyboard; name = Base; path = Base.lproj/Main.storyboard; sourceTree = "<group>"; };
		FDD25C632B3588EA003FA1B2 /* Assets.xcassets */ = {isa = PBXFileReference; lastKnownFileType = folder.assetcatalog; path = Assets.xcassets; sourceTree = "<group>"; };
		FDD25C662B3588EA003FA1B2 /* Base */ = {isa = PBXFileReference; lastKnownFileType = file.storyboard; name = Base; path = Base.lproj/LaunchScreen.storyboard; sourceTree = "<group>"; };
		FDD25C682B3588EA003FA1B2 /* Info.plist */ = {isa = PBXFileReference; lastKnownFileType = text.plist.xml; path = Info.plist; sourceTree = "<group>"; };
		FDD25C6D2B3588EA003FA1B2 /* ExampleDeviceTypeTests.xctest */ = {isa = PBXFileReference; explicitFileType = wrapper.cfbundle; includeInIndex = 0; path = ExampleDeviceTypeTests.xctest; sourceTree = BUILT_PRODUCTS_DIR; };
		FDD25C712B3588EA003FA1B2 /* ExampleDeviceTypeTests.swift */ = {isa = PBXFileReference; lastKnownFileType = sourcecode.swift; path = ExampleDeviceTypeTests.swift; sourceTree = "<group>"; };
		FDD25C772B3588EA003FA1B2 /* ExampleDeviceTypeUITests.xctest */ = {isa = PBXFileReference; explicitFileType = wrapper.cfbundle; includeInIndex = 0; path = ExampleDeviceTypeUITests.xctest; sourceTree = BUILT_PRODUCTS_DIR; };
		FDD25C7B2B3588EA003FA1B2 /* ExampleDeviceTypeUITests.swift */ = {isa = PBXFileReference; lastKnownFileType = sourcecode.swift; path = ExampleDeviceTypeUITests.swift; sourceTree = "<group>"; };
		FDD25C7D2B3588EA003FA1B2 /* ExampleDeviceTypeUITestsLaunchTests.swift */ = {isa = PBXFileReference; lastKnownFileType = sourcecode.swift; path = ExampleDeviceTypeUITestsLaunchTests.swift; sourceTree = "<group>"; };
/* End PBXFileReference section */

/* Begin PBXFrameworksBuildPhase section */
		FDD25C542B3588E8003FA1B2 /* Frameworks */ = {
			isa = PBXFrameworksBuildPhase;
			buildActionMask = 2147483647;
			files = (
				FDBE13D72B3941E500A3CF8F /* DeviceType in Frameworks */,
			);
			runOnlyForDeploymentPostprocessing = 0;
		};
		FDD25C6A2B3588EA003FA1B2 /* Frameworks */ = {
			isa = PBXFrameworksBuildPhase;
			buildActionMask = 2147483647;
			files = (
			);
			runOnlyForDeploymentPostprocessing = 0;
		};
		FDD25C742B3588EA003FA1B2 /* Frameworks */ = {
			isa = PBXFrameworksBuildPhase;
			buildActionMask = 2147483647;
			files = (
			);
			runOnlyForDeploymentPostprocessing = 0;
		};
/* End PBXFrameworksBuildPhase section */

/* Begin PBXGroup section */
		FDD25C4E2B3588E8003FA1B2 = {
			isa = PBXGroup;
			children = (
				FDD25C592B3588E8003FA1B2 /* ExampleDeviceType */,
				FDD25C702B3588EA003FA1B2 /* ExampleDeviceTypeTests */,
				FDD25C7A2B3588EA003FA1B2 /* ExampleDeviceTypeUITests */,
				FDD25C582B3588E8003FA1B2 /* Products */,
			);
			sourceTree = "<group>";
		};
		FDD25C582B3588E8003FA1B2 /* Products */ = {
			isa = PBXGroup;
			children = (
				FDD25C572B3588E8003FA1B2 /* ExampleDeviceType.app */,
				FDD25C6D2B3588EA003FA1B2 /* ExampleDeviceTypeTests.xctest */,
				FDD25C772B3588EA003FA1B2 /* ExampleDeviceTypeUITests.xctest */,
			);
			name = Products;
			sourceTree = "<group>";
		};
		FDD25C592B3588E8003FA1B2 /* ExampleDeviceType */ = {
			isa = PBXGroup;
			children = (
				FDD25C5A2B3588E8003FA1B2 /* AppDelegate.swift */,
				FDD25C5C2B3588E8003FA1B2 /* SceneDelegate.swift */,
				FDD25C5E2B3588E8003FA1B2 /* ViewController.swift */,
				FDD25C602B3588E8003FA1B2 /* Main.storyboard */,
				FDD25C632B3588EA003FA1B2 /* Assets.xcassets */,
				FDD25C652B3588EA003FA1B2 /* LaunchScreen.storyboard */,
				FDD25C682B3588EA003FA1B2 /* Info.plist */,
			);
			path = ExampleDeviceType;
			sourceTree = "<group>";
		};
		FDD25C702B3588EA003FA1B2 /* ExampleDeviceTypeTests */ = {
			isa = PBXGroup;
			children = (
				FDD25C712B3588EA003FA1B2 /* ExampleDeviceTypeTests.swift */,
			);
			path = ExampleDeviceTypeTests;
			sourceTree = "<group>";
		};
		FDD25C7A2B3588EA003FA1B2 /* ExampleDeviceTypeUITests */ = {
			isa = PBXGroup;
			children = (
				FDD25C7B2B3588EA003FA1B2 /* ExampleDeviceTypeUITests.swift */,
				FDD25C7D2B3588EA003FA1B2 /* ExampleDeviceTypeUITestsLaunchTests.swift */,
			);
			path = ExampleDeviceTypeUITests;
			sourceTree = "<group>";
		};
/* End PBXGroup section */

/* Begin PBXNativeTarget section */
		FDD25C562B3588E8003FA1B2 /* ExampleDeviceType */ = {
			isa = PBXNativeTarget;
			buildConfigurationList = FDD25C812B3588EA003FA1B2 /* Build configuration list for PBXNativeTarget "ExampleDeviceType" */;
			buildPhases = (
				FDD25C532B3588E8003FA1B2 /* Sources */,
				FDD25C542B3588E8003FA1B2 /* Frameworks */,
				FDD25C552B3588E8003FA1B2 /* Resources */,
			);
			buildRules = (
			);
			dependencies = (
			);
			name = ExampleDeviceType;
			packageProductDependencies = (
				FDBE13D62B3941E500A3CF8F /* DeviceType */,
			);
			productName = ExampleDeviceType;
			productReference = FDD25C572B3588E8003FA1B2 /* ExampleDeviceType.app */;
			productType = "com.apple.product-type.application";
		};
		FDD25C6C2B3588EA003FA1B2 /* ExampleDeviceTypeTests */ = {
			isa = PBXNativeTarget;
			buildConfigurationList = FDD25C842B3588EA003FA1B2 /* Build configuration list for PBXNativeTarget "ExampleDeviceTypeTests" */;
			buildPhases = (
				FDD25C692B3588EA003FA1B2 /* Sources */,
				FDD25C6A2B3588EA003FA1B2 /* Frameworks */,
				FDD25C6B2B3588EA003FA1B2 /* Resources */,
			);
			buildRules = (
			);
			dependencies = (
				FDD25C6F2B3588EA003FA1B2 /* PBXTargetDependency */,
			);
			name = ExampleDeviceTypeTests;
			productName = ExampleDeviceTypeTests;
			productReference = FDD25C6D2B3588EA003FA1B2 /* ExampleDeviceTypeTests.xctest */;
			productType = "com.apple.product-type.bundle.unit-test";
		};
		FDD25C762B3588EA003FA1B2 /* ExampleDeviceTypeUITests */ = {
			isa = PBXNativeTarget;
			buildConfigurationList = FDD25C872B3588EA003FA1B2 /* Build configuration list for PBXNativeTarget "ExampleDeviceTypeUITests" */;
			buildPhases = (
				FDD25C732B3588EA003FA1B2 /* Sources */,
				FDD25C742B3588EA003FA1B2 /* Frameworks */,
				FDD25C752B3588EA003FA1B2 /* Resources */,
			);
			buildRules = (
			);
			dependencies = (
				FDD25C792B3588EA003FA1B2 /* PBXTargetDependency */,
			);
			name = ExampleDeviceTypeUITests;
			productName = ExampleDeviceTypeUITests;
			productReference = FDD25C772B3588EA003FA1B2 /* ExampleDeviceTypeUITests.xctest */;
			productType = "com.apple.product-type.bundle.ui-testing";
		};
/* End PBXNativeTarget section */

/* Begin PBXProject section */
		FDD25C4F2B3588E8003FA1B2 /* Project object */ = {
			isa = PBXProject;
			attributes = {
				BuildIndependentTargetsInParallel = 1;
				LastSwiftUpdateCheck = 1510;
				LastUpgradeCheck = 1510;
				TargetAttributes = {
					FDD25C562B3588E8003FA1B2 = {
						CreatedOnToolsVersion = 15.1;
					};
					FDD25C6C2B3588EA003FA1B2 = {
						CreatedOnToolsVersion = 15.1;
						TestTargetID = FDD25C562B3588E8003FA1B2;
					};
					FDD25C762B3588EA003FA1B2 = {
						CreatedOnToolsVersion = 15.1;
						TestTargetID = FDD25C562B3588E8003FA1B2;
					};
				};
			};
			buildConfigurationList = FDD25C522B3588E8003FA1B2 /* Build configuration list for PBXProject "ExampleDeviceType" */;
			compatibilityVersion = "Xcode 14.0";
			developmentRegion = en;
			hasScannedForEncodings = 0;
			knownRegions = (
				en,
				Base,
			);
			mainGroup = FDD25C4E2B3588E8003FA1B2;
			packageReferences = (
				FDBE13D52B3941E500A3CF8F /* XCRemoteSwiftPackageReference "DeviceType" */,
			);
			productRefGroup = FDD25C582B3588E8003FA1B2 /* Products */;
			projectDirPath = "";
			projectRoot = "";
			targets = (
				FDD25C562B3588E8003FA1B2 /* ExampleDeviceType */,
				FDD25C6C2B3588EA003FA1B2 /* ExampleDeviceTypeTests */,
				FDD25C762B3588EA003FA1B2 /* ExampleDeviceTypeUITests */,
			);
		};
/* End PBXProject section */

/* Begin PBXResourcesBuildPhase section */
		FDD25C552B3588E8003FA1B2 /* Resources */ = {
			isa = PBXResourcesBuildPhase;
			buildActionMask = 2147483647;
			files = (
				FDD25C672B3588EA003FA1B2 /* LaunchScreen.storyboard in Resources */,
				FDD25C642B3588EA003FA1B2 /* Assets.xcassets in Resources */,
				FDD25C622B3588E8003FA1B2 /* Main.storyboard in Resources */,
			);
			runOnlyForDeploymentPostprocessing = 0;
		};
		FDD25C6B2B3588EA003FA1B2 /* Resources */ = {
			isa = PBXResourcesBuildPhase;
			buildActionMask = 2147483647;
			files = (
			);
			runOnlyForDeploymentPostprocessing = 0;
		};
		FDD25C752B3588EA003FA1B2 /* Resources */ = {
			isa = PBXResourcesBuildPhase;
			buildActionMask = 2147483647;
			files = (
			);
			runOnlyForDeploymentPostprocessing = 0;
		};
/* End PBXResourcesBuildPhase section */

/* Begin PBXSourcesBuildPhase section */
		FDD25C532B3588E8003FA1B2 /* Sources */ = {
			isa = PBXSourcesBuildPhase;
			buildActionMask = 2147483647;
			files = (
				FDD25C5F2B3588E8003FA1B2 /* ViewController.swift in Sources */,
				FDD25C5B2B3588E8003FA1B2 /* AppDelegate.swift in Sources */,
				FDD25C5D2B3588E8003FA1B2 /* SceneDelegate.swift in Sources */,
			);
			runOnlyForDeploymentPostprocessing = 0;
		};
		FDD25C692B3588EA003FA1B2 /* Sources */ = {
			isa = PBXSourcesBuildPhase;
			buildActionMask = 2147483647;
			files = (
				FDD25C722B3588EA003FA1B2 /* ExampleDeviceTypeTests.swift in Sources */,
			);
			runOnlyForDeploymentPostprocessing = 0;
		};
		FDD25C732B3588EA003FA1B2 /* Sources */ = {
			isa = PBXSourcesBuildPhase;
			buildActionMask = 2147483647;
			files = (
				FDD25C7C2B3588EA003FA1B2 /* ExampleDeviceTypeUITests.swift in Sources */,
				FDD25C7E2B3588EA003FA1B2 /* ExampleDeviceTypeUITestsLaunchTests.swift in Sources */,
			);
			runOnlyForDeploymentPostprocessing = 0;
		};
/* End PBXSourcesBuildPhase section */

/* Begin PBXTargetDependency section */
		FDD25C6F2B3588EA003FA1B2 /* PBXTargetDependency */ = {
			isa = PBXTargetDependency;
			target = FDD25C562B3588E8003FA1B2 /* ExampleDeviceType */;
			targetProxy = FDD25C6E2B3588EA003FA1B2 /* PBXContainerItemProxy */;
		};
		FDD25C792B3588EA003FA1B2 /* PBXTargetDependency */ = {
			isa = PBXTargetDependency;
			target = FDD25C562B3588E8003FA1B2 /* ExampleDeviceType */;
			targetProxy = FDD25C782B3588EA003FA1B2 /* PBXContainerItemProxy */;
		};
/* End PBXTargetDependency section */

/* Begin PBXVariantGroup section */
		FDD25C602B3588E8003FA1B2 /* Main.storyboard */ = {
			isa = PBXVariantGroup;
			children = (
				FDD25C612B3588E8003FA1B2 /* Base */,
			);
			name = Main.storyboard;
			sourceTree = "<group>";
		};
		FDD25C652B3588EA003FA1B2 /* LaunchScreen.storyboard */ = {
			isa = PBXVariantGroup;
			children = (
				FDD25C662B3588EA003FA1B2 /* Base */,
			);
			name = LaunchScreen.storyboard;
			sourceTree = "<group>";
		};
/* End PBXVariantGroup section */

/* Begin XCBuildConfiguration section */
		FDD25C7F2B3588EA003FA1B2 /* Debug */ = {
			isa = XCBuildConfiguration;
			buildSettings = {
				ALWAYS_SEARCH_USER_PATHS = NO;
				ASSETCATALOG_COMPILER_GENERATE_SWIFT_ASSET_SYMBOL_EXTENSIONS = YES;
				CLANG_ANALYZER_NONNULL = YES;
				CLANG_ANALYZER_NUMBER_OBJECT_CONVERSION = YES_AGGRESSIVE;
				CLANG_CXX_LANGUAGE_STANDARD = "gnu++20";
				CLANG_ENABLE_MODULES = YES;
				CLANG_ENABLE_OBJC_ARC = YES;
				CLANG_ENABLE_OBJC_WEAK = YES;
				CLANG_WARN_BLOCK_CAPTURE_AUTORELEASING = YES;
				CLANG_WARN_BOOL_CONVERSION = YES;
				CLANG_WARN_COMMA = YES;
				CLANG_WARN_CONSTANT_CONVERSION = YES;
				CLANG_WARN_DEPRECATED_OBJC_IMPLEMENTATIONS = YES;
				CLANG_WARN_DIRECT_OBJC_ISA_USAGE = YES_ERROR;
				CLANG_WARN_DOCUMENTATION_COMMENTS = YES;
				CLANG_WARN_EMPTY_BODY = YES;
				CLANG_WARN_ENUM_CONVERSION = YES;
				CLANG_WARN_INFINITE_RECURSION = YES;
				CLANG_WARN_INT_CONVERSION = YES;
				CLANG_WARN_NON_LITERAL_NULL_CONVERSION = YES;
				CLANG_WARN_OBJC_IMPLICIT_RETAIN_SELF = YES;
				CLANG_WARN_OBJC_LITERAL_CONVERSION = YES;
				CLANG_WARN_OBJC_ROOT_CLASS = YES_ERROR;
				CLANG_WARN_QUOTED_INCLUDE_IN_FRAMEWORK_HEADER = YES;
				CLANG_WARN_RANGE_LOOP_ANALYSIS = YES;
				CLANG_WARN_STRICT_PROTOTYPES = YES;
				CLANG_WARN_SUSPICIOUS_MOVE = YES;
				CLANG_WARN_UNGUARDED_AVAILABILITY = YES_AGGRESSIVE;
				CLANG_WARN_UNREACHABLE_CODE = YES;
				CLANG_WARN__DUPLICATE_METHOD_MATCH = YES;
				COPY_PHASE_STRIP = NO;
				DEBUG_INFORMATION_FORMAT = dwarf;
				ENABLE_STRICT_OBJC_MSGSEND = YES;
				ENABLE_TESTABILITY = YES;
				ENABLE_USER_SCRIPT_SANDBOXING = YES;
				GCC_C_LANGUAGE_STANDARD = gnu17;
				GCC_DYNAMIC_NO_PIC = NO;
				GCC_NO_COMMON_BLOCKS = YES;
				GCC_OPTIMIZATION_LEVEL = 0;
				GCC_PREPROCESSOR_DEFINITIONS = (
					"DEBUG=1",
					"$(inherited)",
				);
				GCC_WARN_64_TO_32_BIT_CONVERSION = YES;
				GCC_WARN_ABOUT_RETURN_TYPE = YES_ERROR;
				GCC_WARN_UNDECLARED_SELECTOR = YES;
				GCC_WARN_UNINITIALIZED_AUTOS = YES_AGGRESSIVE;
				GCC_WARN_UNUSED_FUNCTION = YES;
				GCC_WARN_UNUSED_VARIABLE = YES;
				IPHONEOS_DEPLOYMENT_TARGET = 17.2;
				LOCALIZATION_PREFERS_STRING_CATALOGS = YES;
				MTL_ENABLE_DEBUG_INFO = INCLUDE_SOURCE;
				MTL_FAST_MATH = YES;
				ONLY_ACTIVE_ARCH = YES;
				SDKROOT = iphoneos;
				SWIFT_ACTIVE_COMPILATION_CONDITIONS = "DEBUG $(inherited)";
				SWIFT_OPTIMIZATION_LEVEL = "-Onone";
			};
			name = Debug;
		};
		FDD25C802B3588EA003FA1B2 /* Release */ = {
			isa = XCBuildConfiguration;
			buildSettings = {
				ALWAYS_SEARCH_USER_PATHS = NO;
				ASSETCATALOG_COMPILER_GENERATE_SWIFT_ASSET_SYMBOL_EXTENSIONS = YES;
				CLANG_ANALYZER_NONNULL = YES;
				CLANG_ANALYZER_NUMBER_OBJECT_CONVERSION = YES_AGGRESSIVE;
				CLANG_CXX_LANGUAGE_STANDARD = "gnu++20";
				CLANG_ENABLE_MODULES = YES;
				CLANG_ENABLE_OBJC_ARC = YES;
				CLANG_ENABLE_OBJC_WEAK = YES;
				CLANG_WARN_BLOCK_CAPTURE_AUTORELEASING = YES;
				CLANG_WARN_BOOL_CONVERSION = YES;
				CLANG_WARN_COMMA = YES;
				CLANG_WARN_CONSTANT_CONVERSION = YES;
				CLANG_WARN_DEPRECATED_OBJC_IMPLEMENTATIONS = YES;
				CLANG_WARN_DIRECT_OBJC_ISA_USAGE = YES_ERROR;
				CLANG_WARN_DOCUMENTATION_COMMENTS = YES;
				CLANG_WARN_EMPTY_BODY = YES;
				CLANG_WARN_ENUM_CONVERSION = YES;
				CLANG_WARN_INFINITE_RECURSION = YES;
				CLANG_WARN_INT_CONVERSION = YES;
				CLANG_WARN_NON_LITERAL_NULL_CONVERSION = YES;
				CLANG_WARN_OBJC_IMPLICIT_RETAIN_SELF = YES;
				CLANG_WARN_OBJC_LITERAL_CONVERSION = YES;
				CLANG_WARN_OBJC_ROOT_CLASS = YES_ERROR;
				CLANG_WARN_QUOTED_INCLUDE_IN_FRAMEWORK_HEADER = YES;
				CLANG_WARN_RANGE_LOOP_ANALYSIS = YES;
				CLANG_WARN_STRICT_PROTOTYPES = YES;
				CLANG_WARN_SUSPICIOUS_MOVE = YES;
				CLANG_WARN_UNGUARDED_AVAILABILITY = YES_AGGRESSIVE;
				CLANG_WARN_UNREACHABLE_CODE = YES;
				CLANG_WARN__DUPLICATE_METHOD_MATCH = YES;
				COPY_PHASE_STRIP = NO;
				DEBUG_INFORMATION_FORMAT = "dwarf-with-dsym";
				ENABLE_NS_ASSERTIONS = NO;
				ENABLE_STRICT_OBJC_MSGSEND = YES;
				ENABLE_USER_SCRIPT_SANDBOXING = YES;
				GCC_C_LANGUAGE_STANDARD = gnu17;
				GCC_NO_COMMON_BLOCKS = YES;
				GCC_WARN_64_TO_32_BIT_CONVERSION = YES;
				GCC_WARN_ABOUT_RETURN_TYPE = YES_ERROR;
				GCC_WARN_UNDECLARED_SELECTOR = YES;
				GCC_WARN_UNINITIALIZED_AUTOS = YES_AGGRESSIVE;
				GCC_WARN_UNUSED_FUNCTION = YES;
				GCC_WARN_UNUSED_VARIABLE = YES;
				IPHONEOS_DEPLOYMENT_TARGET = 17.2;
				LOCALIZATION_PREFERS_STRING_CATALOGS = YES;
				MTL_ENABLE_DEBUG_INFO = NO;
				MTL_FAST_MATH = YES;
				SDKROOT = iphoneos;
				SWIFT_COMPILATION_MODE = wholemodule;
				VALIDATE_PRODUCT = YES;
			};
			name = Release;
		};
		FDD25C822B3588EA003FA1B2 /* Debug */ = {
			isa = XCBuildConfiguration;
			buildSettings = {
				ASSETCATALOG_COMPILER_APPICON_NAME = AppIcon;
				ASSETCATALOG_COMPILER_GLOBAL_ACCENT_COLOR_NAME = AccentColor;
				CODE_SIGN_STYLE = Automatic;
				CURRENT_PROJECT_VERSION = 1;
				DEVELOPMENT_TEAM = PBJ22NG3WU;
				GENERATE_INFOPLIST_FILE = YES;
				INFOPLIST_FILE = ExampleDeviceType/Info.plist;
				INFOPLIST_KEY_UIApplicationSupportsIndirectInputEvents = YES;
				INFOPLIST_KEY_UILaunchStoryboardName = LaunchScreen;
				INFOPLIST_KEY_UIMainStoryboardFile = Main;
				INFOPLIST_KEY_UISupportedInterfaceOrientations_iPad = "UIInterfaceOrientationPortrait UIInterfaceOrientationPortraitUpsideDown UIInterfaceOrientationLandscapeLeft UIInterfaceOrientationLandscapeRight";
				INFOPLIST_KEY_UISupportedInterfaceOrientations_iPhone = "UIInterfaceOrientationPortrait UIInterfaceOrientationLandscapeLeft UIInterfaceOrientationLandscapeRight";
				LD_RUNPATH_SEARCH_PATHS = (
					"$(inherited)",
					"@executable_path/Frameworks",
				);
				MARKETING_VERSION = 1.0;
				PRODUCT_BUNDLE_IDENTIFIER = kh.com.kosign.DeviceType.ExampleDeviceType;
				PRODUCT_NAME = "$(TARGET_NAME)";
				SWIFT_EMIT_LOC_STRINGS = YES;
				SWIFT_VERSION = 5.0;
				TARGETED_DEVICE_FAMILY = "1,2";
			};
			name = Debug;
		};
		FDD25C832B3588EA003FA1B2 /* Release */ = {
			isa = XCBuildConfiguration;
			buildSettings = {
				ASSETCATALOG_COMPILER_APPICON_NAME = AppIcon;
				ASSETCATALOG_COMPILER_GLOBAL_ACCENT_COLOR_NAME = AccentColor;
				CODE_SIGN_STYLE = Automatic;
				CURRENT_PROJECT_VERSION = 1;
				DEVELOPMENT_TEAM = PBJ22NG3WU;
				GENERATE_INFOPLIST_FILE = YES;
				INFOPLIST_FILE = ExampleDeviceType/Info.plist;
				INFOPLIST_KEY_UIApplicationSupportsIndirectInputEvents = YES;
				INFOPLIST_KEY_UILaunchStoryboardName = LaunchScreen;
				INFOPLIST_KEY_UIMainStoryboardFile = Main;
				INFOPLIST_KEY_UISupportedInterfaceOrientations_iPad = "UIInterfaceOrientationPortrait UIInterfaceOrientationPortraitUpsideDown UIInterfaceOrientationLandscapeLeft UIInterfaceOrientationLandscapeRight";
				INFOPLIST_KEY_UISupportedInterfaceOrientations_iPhone = "UIInterfaceOrientationPortrait UIInterfaceOrientationLandscapeLeft UIInterfaceOrientationLandscapeRight";
				LD_RUNPATH_SEARCH_PATHS = (
					"$(inherited)",
					"@executable_path/Frameworks",
				);
				MARKETING_VERSION = 1.0;
				PRODUCT_BUNDLE_IDENTIFIER = kh.com.kosign.DeviceType.ExampleDeviceType;
				PRODUCT_NAME = "$(TARGET_NAME)";
				SWIFT_EMIT_LOC_STRINGS = YES;
				SWIFT_VERSION = 5.0;
				TARGETED_DEVICE_FAMILY = "1,2";
			};
			name = Release;
		};
		FDD25C852B3588EA003FA1B2 /* Debug */ = {
			isa = XCBuildConfiguration;
			buildSettings = {
				ALWAYS_EMBED_SWIFT_STANDARD_LIBRARIES = YES;
				BUNDLE_LOADER = "$(TEST_HOST)";
				CODE_SIGN_STYLE = Automatic;
				CURRENT_PROJECT_VERSION = 1;
				DEVELOPMENT_TEAM = PBJ22NG3WU;
				GENERATE_INFOPLIST_FILE = YES;
				IPHONEOS_DEPLOYMENT_TARGET = 17.2;
				MARKETING_VERSION = 1.0;
				PRODUCT_BUNDLE_IDENTIFIER = kh.com.kosign.DeviceType.ExampleDeviceTypeTests;
				PRODUCT_NAME = "$(TARGET_NAME)";
				SWIFT_EMIT_LOC_STRINGS = NO;
				SWIFT_VERSION = 5.0;
				TARGETED_DEVICE_FAMILY = "1,2";
				TEST_HOST = "$(BUILT_PRODUCTS_DIR)/ExampleDeviceType.app/$(BUNDLE_EXECUTABLE_FOLDER_PATH)/ExampleDeviceType";
			};
			name = Debug;
		};
		FDD25C862B3588EA003FA1B2 /* Release */ = {
			isa = XCBuildConfiguration;
			buildSettings = {
				ALWAYS_EMBED_SWIFT_STANDARD_LIBRARIES = YES;
				BUNDLE_LOADER = "$(TEST_HOST)";
				CODE_SIGN_STYLE = Automatic;
				CURRENT_PROJECT_VERSION = 1;
				DEVELOPMENT_TEAM = PBJ22NG3WU;
				GENERATE_INFOPLIST_FILE = YES;
				IPHONEOS_DEPLOYMENT_TARGET = 17.2;
				MARKETING_VERSION = 1.0;
				PRODUCT_BUNDLE_IDENTIFIER = kh.com.kosign.DeviceType.ExampleDeviceTypeTests;
				PRODUCT_NAME = "$(TARGET_NAME)";
				SWIFT_EMIT_LOC_STRINGS = NO;
				SWIFT_VERSION = 5.0;
				TARGETED_DEVICE_FAMILY = "1,2";
				TEST_HOST = "$(BUILT_PRODUCTS_DIR)/ExampleDeviceType.app/$(BUNDLE_EXECUTABLE_FOLDER_PATH)/ExampleDeviceType";
			};
			name = Release;
		};
		FDD25C882B3588EA003FA1B2 /* Debug */ = {
			isa = XCBuildConfiguration;
			buildSettings = {
				ALWAYS_EMBED_SWIFT_STANDARD_LIBRARIES = YES;
				CODE_SIGN_STYLE = Automatic;
				CURRENT_PROJECT_VERSION = 1;
				DEVELOPMENT_TEAM = PBJ22NG3WU;
				GENERATE_INFOPLIST_FILE = YES;
				MARKETING_VERSION = 1.0;
				PRODUCT_BUNDLE_IDENTIFIER = kh.com.kosign.DeviceType.ExampleDeviceTypeUITests;
				PRODUCT_NAME = "$(TARGET_NAME)";
				SWIFT_EMIT_LOC_STRINGS = NO;
				SWIFT_VERSION = 5.0;
				TARGETED_DEVICE_FAMILY = "1,2";
				TEST_TARGET_NAME = ExampleDeviceType;
			};
			name = Debug;
		};
		FDD25C892B3588EA003FA1B2 /* Release */ = {
			isa = XCBuildConfiguration;
			buildSettings = {
				ALWAYS_EMBED_SWIFT_STANDARD_LIBRARIES = YES;
				CODE_SIGN_STYLE = Automatic;
				CURRENT_PROJECT_VERSION = 1;
				DEVELOPMENT_TEAM = PBJ22NG3WU;
				GENERATE_INFOPLIST_FILE = YES;
				MARKETING_VERSION = 1.0;
				PRODUCT_BUNDLE_IDENTIFIER = kh.com.kosign.DeviceType.ExampleDeviceTypeUITests;
				PRODUCT_NAME = "$(TARGET_NAME)";
				SWIFT_EMIT_LOC_STRINGS = NO;
				SWIFT_VERSION = 5.0;
				TARGETED_DEVICE_FAMILY = "1,2";
				TEST_TARGET_NAME = ExampleDeviceType;
			};
			name = Release;
		};
/* End XCBuildConfiguration section */

/* Begin XCConfigurationList section */
		FDD25C522B3588E8003FA1B2 /* Build configuration list for PBXProject "ExampleDeviceType" */ = {
			isa = XCConfigurationList;
			buildConfigurations = (
				FDD25C7F2B3588EA003FA1B2 /* Debug */,
				FDD25C802B3588EA003FA1B2 /* Release */,
			);
			defaultConfigurationIsVisible = 0;
			defaultConfigurationName = Release;
		};
		FDD25C812B3588EA003FA1B2 /* Build configuration list for PBXNativeTarget "ExampleDeviceType" */ = {
			isa = XCConfigurationList;
			buildConfigurations = (
				FDD25C822B3588EA003FA1B2 /* Debug */,
				FDD25C832B3588EA003FA1B2 /* Release */,
			);
			defaultConfigurationIsVisible = 0;
			defaultConfigurationName = Release;
		};
		FDD25C842B3588EA003FA1B2 /* Build configuration list for PBXNativeTarget "ExampleDeviceTypeTests" */ = {
			isa = XCConfigurationList;
			buildConfigurations = (
				FDD25C852B3588EA003FA1B2 /* Debug */,
				FDD25C862B3588EA003FA1B2 /* Release */,
			);
			defaultConfigurationIsVisible = 0;
			defaultConfigurationName = Release;
		};
		FDD25C872B3588EA003FA1B2 /* Build configuration list for PBXNativeTarget "ExampleDeviceTypeUITests" */ = {
			isa = XCConfigurationList;
			buildConfigurations = (
				FDD25C882B3588EA003FA1B2 /* Debug */,
				FDD25C892B3588EA003FA1B2 /* Release */,
			);
			defaultConfigurationIsVisible = 0;
			defaultConfigurationName = Release;
		};
/* End XCConfigurationList section */

/* Begin XCRemoteSwiftPackageReference section */
		FDBE13D52B3941E500A3CF8F /* XCRemoteSwiftPackageReference "DeviceType" */ = {
			isa = XCRemoteSwiftPackageReference;
			repositoryURL = "https://github.com/NemSothea/DeviceType.git";
			requirement = {
				branch = main;
				kind = branch;
			};
		};
/* End XCRemoteSwiftPackageReference section */

/* Begin XCSwiftPackageProductDependency section */
		FDBE13D62B3941E500A3CF8F /* DeviceType */ = {
			isa = XCSwiftPackageProductDependency;
			package = FDBE13D52B3941E500A3CF8F /* XCRemoteSwiftPackageReference "DeviceType" */;
			productName = DeviceType;
		};
/* End XCSwiftPackageProductDependency section */
	};
	rootObject = FDD25C4F2B3588E8003FA1B2 /* Project object */;
}
